
Microsoft Visual Studio Solution File, Format Version 12.00
# Visual Studio Version 16
VisualStudioVersion = 16.0.31205.134
MinimumVisualStudioVersion = 10.0.40219.1
Project("{FAE04EC0-301F-11D3-BF4B-00C04F79EFBC}") = "TestAsync", "TestAsync\TestAsync.csproj", "{4DB716CC-BCED-4F16-86E5-D031B418BD03}"
EndProject
Global
	GlobalSection(SolutionConfigurationPlatforms) = preSolution
		Debug|Any CPU = Debug|Any CPU
		Release|Any CPU = Release|Any CPU
	EndGlobalSection
	GlobalSection(ProjectConfigurationPlatforms) = postSolution
		{4DB716CC-BCED-4F16-86E5-D031B418BD03}.Debug|Any CPU.ActiveCfg = Debug|Any CPU
		{4DB716CC-BCED-4F16-86E5-D031B418BD03}.Debug|Any CPU.Build.0 = Debug|Any CPU
		{4DB716CC-BCED-4F16-86E5-D031B418BD03}.Release|Any CPU.ActiveCfg = Release|Any CPU
		{4DB716CC-BCED-4F16-86E5-D031B418BD03}.Release|Any CPU.Build.0 = Release|Any CPU
	EndGlobalSection
	GlobalSection(SolutionProperties) = preSolution
		HideSolutionNode = FALSE
	EndGlobalSection
	GlobalSection(ExtensibilityGlobals) = postSolution
		SolutionGuid = {DAA8B4AB-9427-4A32-9E21-549E89283A2A}
	EndGlobalSection
EndGlobal
